
Microsoft Visual Studio Solution File, Format Version 12.00
# Visual Studio 2013
VisualStudioVersion = 12.0.40629.0
MinimumVisualStudioVersion = 10.0.40219.1
Project("{8BC9CEB8-8B4A-11D0-8D11-00A0C91BC942}") = "Lab03_Bai02", "Lab03_Bai02\Lab03_Bai02.vcxproj", "{D971DC57-3C4B-40AC-8CC5-438001FDC145}"
EndProject
Global
	GlobalSection(SolutionConfigurationPlatforms) = preSolution
		Debug|Win32 = Debug|Win32
		Release|Win32 = Release|Win32
	EndGlobalSection
	GlobalSection(ProjectConfigurationPlatforms) = postSolution
		{D971DC57-3C4B-40AC-8CC5-438001FDC145}.Debug|Win32.ActiveCfg = Debug|Win32
		{D971DC57-3C4B-40AC-8CC5-438001FDC145}.Debug|Win32.Build.0 = Debug|Win32
		{D971DC57-3C4B-40AC-8CC5-438001FDC145}.Release|Win32.ActiveCfg = Release|Win32
		{D971DC57-3C4B-40AC-8CC5-438001FDC145}.Release|Win32.Build.0 = Release|Win32
	EndGlobalSection
	GlobalSection(SolutionProperties) = preSolution
		HideSolutionNode = FALSE
	EndGlobalSection
EndGlobal
