
Microsoft Visual Studio Solution File, Format Version 12.00
# Visual Studio 2013
VisualStudioVersion = 12.0.40629.0
MinimumVisualStudioVersion = 10.0.40219.1
Project("{8BC9CEB8-8B4A-11D0-8D11-00A0C91BC942}") = "Lab01_Bai4", "Lab01_Bai4\Lab01_Bai4.vcxproj", "{3C90A2E6-4A69-4337-9161-E76DB956BB56}"
EndProject
Global
	GlobalSection(SolutionConfigurationPlatforms) = preSolution
		Debug|Win32 = Debug|Win32
		Release|Win32 = Release|Win32
	EndGlobalSection
	GlobalSection(ProjectConfigurationPlatforms) = postSolution
		{3C90A2E6-4A69-4337-9161-E76DB956BB56}.Debug|Win32.ActiveCfg = Debug|Win32
		{3C90A2E6-4A69-4337-9161-E76DB956BB56}.Debug|Win32.Build.0 = Debug|Win32
		{3C90A2E6-4A69-4337-9161-E76DB956BB56}.Release|Win32.ActiveCfg = Release|Win32
		{3C90A2E6-4A69-4337-9161-E76DB956BB56}.Release|Win32.Build.0 = Release|Win32
	EndGlobalSection
	GlobalSection(SolutionProperties) = preSolution
		HideSolutionNode = FALSE
	EndGlobalSection
EndGlobal
