
Microsoft Visual Studio Solution File, Format Version 12.00
# Visual Studio 2013
VisualStudioVersion = 12.0.40629.0
MinimumVisualStudioVersion = 10.0.40219.1
Project("{8BC9CEB8-8B4A-11D0-8D11-00A0C91BC942}") = "Lab01_Bai6", "Lab01_Bai6\Lab01_Bai6.vcxproj", "{A82B1AD9-A257-42C1-B39A-DDFB050E92CC}"
EndProject
Global
	GlobalSection(SolutionConfigurationPlatforms) = preSolution
		Debug|Win32 = Debug|Win32
		Release|Win32 = Release|Win32
	EndGlobalSection
	GlobalSection(ProjectConfigurationPlatforms) = postSolution
		{A82B1AD9-A257-42C1-B39A-DDFB050E92CC}.Debug|Win32.ActiveCfg = Debug|Win32
		{A82B1AD9-A257-42C1-B39A-DDFB050E92CC}.Debug|Win32.Build.0 = Debug|Win32
		{A82B1AD9-A257-42C1-B39A-DDFB050E92CC}.Release|Win32.ActiveCfg = Release|Win32
		{A82B1AD9-A257-42C1-B39A-DDFB050E92CC}.Release|Win32.Build.0 = Release|Win32
	EndGlobalSection
	GlobalSection(SolutionProperties) = preSolution
		HideSolutionNode = FALSE
	EndGlobalSection
EndGlobal
