
Microsoft Visual Studio Solution File, Format Version 12.00
# Visual Studio 2013
VisualStudioVersion = 12.0.21005.1
MinimumVisualStudioVersion = 10.0.40219.1
Project("{8BC9CEB8-8B4A-11D0-8D11-00A0C91BC942}") = "Lab04_C_Bai3_TongDaySo", "Lab04_C_Bai3_TongDaySo\Lab04_C_Bai3_TongDaySo.vcxproj", "{63C53BB4-E5A5-4246-B96A-789D83A4827C}"
EndProject
Global
	GlobalSection(SolutionConfigurationPlatforms) = preSolution
		Debug|Win32 = Debug|Win32
		Release|Win32 = Release|Win32
	EndGlobalSection
	GlobalSection(ProjectConfigurationPlatforms) = postSolution
		{63C53BB4-E5A5-4246-B96A-789D83A4827C}.Debug|Win32.ActiveCfg = Debug|Win32
		{63C53BB4-E5A5-4246-B96A-789D83A4827C}.Debug|Win32.Build.0 = Debug|Win32
		{63C53BB4-E5A5-4246-B96A-789D83A4827C}.Release|Win32.ActiveCfg = Release|Win32
		{63C53BB4-E5A5-4246-B96A-789D83A4827C}.Release|Win32.Build.0 = Release|Win32
	EndGlobalSection
	GlobalSection(SolutionProperties) = preSolution
		HideSolutionNode = FALSE
	EndGlobalSection
EndGlobal
